
Microsoft Visual Studio Solution File, Format Version 12.00
Project("{FAE04EC0-301F-11D3-BF4B-00C04F79EFBC}") = "Chrono.CLI", "src\Chrono.CLI\Chrono.CLI.csproj", "{2C9230C9-633F-8490-06C1-FD0D23F7C4B8}"
EndProject
Project("{FAE04EC0-301F-11D3-BF4B-00C04F79EFBC}") = "Chrono.Core", "src\Chrono.Core\Chrono.Core.csproj", "{E2667C08-97EC-1655-3CA3-67DC80752E94}"
EndProject
Project("{FAE04EC0-301F-11D3-BF4B-00C04F79EFBC}") = "Chrono.DotnetTasks", "src\Chrono.DotnetTasks\Chrono.DotnetTasks.csproj", "{91C7D062-26EF-F1AB-4B3B-10540490A437}"
EndProject
Project("{2150E333-8FDC-42A3-9474-1A3956D46DE8}") = "Solution Items", "Solution Items", "{089100B1-113F-4E66-888A-E83F3999EAFD}"
	ProjectSection(SolutionItems) = preProject
		README.adoc = README.adoc
		src\Directory.Packages.props = src\Directory.Packages.props
		version.yml = version.yml
	EndProjectSection
EndProject
Project("{FAE04EC0-301F-11D3-BF4B-00C04F79EFBC}") = "_build", "build\_build.csproj", "{4056BD12-5FA8-4D2E-274A-7E85E858A5FC}"
EndProject
Project("{2150E333-8FDC-42A3-9474-1A3956D46DE8}") = "Docu", "Docu", "{758911F2-27F5-C282-7164-147C44362DBD}"
	ProjectSection(SolutionItems) = preProject
		doc\Version.adoc = doc\Version.adoc
		doc\DotnetVersioning.adoc = doc\DotnetVersioning.adoc
		doc\dsyitf.adoc = doc\dsyitf.adoc
		doc\CLI.adoc = doc\CLI.adoc
	EndProjectSection
EndProject
Project("{2150E333-8FDC-42A3-9474-1A3956D46DE8}") = "ReferenceConfigs", "ReferenceConfigs", "{E210DC3F-B725-9B67-E951-3E81E2B7F700}"
	ProjectSection(SolutionItems) = preProject
		doc\examples\minimal.yml = doc\examples\minimal.yml
		doc\examples\sensibleDefault.yml = doc\examples\sensibleDefault.yml
	EndProjectSection
EndProject
Project("{2150E333-8FDC-42A3-9474-1A3956D46DE8}") = "Tests", "Tests", "{0AB3BF05-4346-4AA6-1389-037BE0695223}"
EndProject
Project("{FAE04EC0-301F-11D3-BF4B-00C04F79EFBC}") = "Chrono.CLI.Test", "src\Tests\Chrono.CLI.Test\Chrono.CLI.Test.csproj", "{68F69DCD-59CB-8AA4-0860-46AAC3F44C64}"
EndProject
Project("{FAE04EC0-301F-11D3-BF4B-00C04F79EFBC}") = "Chrono.Core.Test", "src\Tests\Chrono.Core.Test\Chrono.Core.Test.csproj", "{D02FF7A1-7DCB-32C1-5AAB-5DFF1E0C9F1A}"
EndProject
Global
	GlobalSection(SolutionConfigurationPlatforms) = preSolution
		Debug|Any CPU = Debug|Any CPU
		Release|Any CPU = Release|Any CPU
	EndGlobalSection
	GlobalSection(ProjectConfigurationPlatforms) = postSolution
		{2C9230C9-633F-8490-06C1-FD0D23F7C4B8}.Debug|Any CPU.ActiveCfg = Debug|Any CPU
		{2C9230C9-633F-8490-06C1-FD0D23F7C4B8}.Debug|Any CPU.Build.0 = Debug|Any CPU
		{2C9230C9-633F-8490-06C1-FD0D23F7C4B8}.Release|Any CPU.ActiveCfg = Release|Any CPU
		{2C9230C9-633F-8490-06C1-FD0D23F7C4B8}.Release|Any CPU.Build.0 = Release|Any CPU
		{E2667C08-97EC-1655-3CA3-67DC80752E94}.Debug|Any CPU.ActiveCfg = Debug|Any CPU
		{E2667C08-97EC-1655-3CA3-67DC80752E94}.Debug|Any CPU.Build.0 = Debug|Any CPU
		{E2667C08-97EC-1655-3CA3-67DC80752E94}.Release|Any CPU.ActiveCfg = Release|Any CPU
		{E2667C08-97EC-1655-3CA3-67DC80752E94}.Release|Any CPU.Build.0 = Release|Any CPU
		{91C7D062-26EF-F1AB-4B3B-10540490A437}.Debug|Any CPU.ActiveCfg = Debug|Any CPU
		{91C7D062-26EF-F1AB-4B3B-10540490A437}.Debug|Any CPU.Build.0 = Debug|Any CPU
		{91C7D062-26EF-F1AB-4B3B-10540490A437}.Release|Any CPU.ActiveCfg = Release|Any CPU
		{91C7D062-26EF-F1AB-4B3B-10540490A437}.Release|Any CPU.Build.0 = Release|Any CPU
		{4056BD12-5FA8-4D2E-274A-7E85E858A5FC}.Debug|Any CPU.ActiveCfg = Debug|Any CPU
		{4056BD12-5FA8-4D2E-274A-7E85E858A5FC}.Release|Any CPU.ActiveCfg = Release|Any CPU
		{68F69DCD-59CB-8AA4-0860-46AAC3F44C64}.Debug|Any CPU.ActiveCfg = Debug|Any CPU
		{68F69DCD-59CB-8AA4-0860-46AAC3F44C64}.Debug|Any CPU.Build.0 = Debug|Any CPU
		{68F69DCD-59CB-8AA4-0860-46AAC3F44C64}.Release|Any CPU.ActiveCfg = Release|Any CPU
		{68F69DCD-59CB-8AA4-0860-46AAC3F44C64}.Release|Any CPU.Build.0 = Release|Any CPU
		{D02FF7A1-7DCB-32C1-5AAB-5DFF1E0C9F1A}.Debug|Any CPU.ActiveCfg = Debug|Any CPU
		{D02FF7A1-7DCB-32C1-5AAB-5DFF1E0C9F1A}.Debug|Any CPU.Build.0 = Debug|Any CPU
		{D02FF7A1-7DCB-32C1-5AAB-5DFF1E0C9F1A}.Release|Any CPU.ActiveCfg = Release|Any CPU
		{D02FF7A1-7DCB-32C1-5AAB-5DFF1E0C9F1A}.Release|Any CPU.Build.0 = Release|Any CPU
	EndGlobalSection
	GlobalSection(NestedProjects) = preSolution
		{4056BD12-5FA8-4D2E-274A-7E85E858A5FC} = {089100B1-113F-4E66-888A-E83F3999EAFD}
		{E210DC3F-B725-9B67-E951-3E81E2B7F700} = {758911F2-27F5-C282-7164-147C44362DBD}
		{68F69DCD-59CB-8AA4-0860-46AAC3F44C64} = {0AB3BF05-4346-4AA6-1389-037BE0695223}
		{D02FF7A1-7DCB-32C1-5AAB-5DFF1E0C9F1A} = {0AB3BF05-4346-4AA6-1389-037BE0695223}
	EndGlobalSection
EndGlobal
